
Microsoft Visual Studio Solution File, Format Version 12.00
# Visual Studio Version 17
VisualStudioVersion = 17.4.33205.214
MinimumVisualStudioVersion = 10.0.40219.1
Project("{FAE04EC0-301F-11D3-BF4B-00C04F79EFBC}") = "SolutionJuraganMobil", "SolutionJuraganMobil.csproj", "{642A9A9F-135B-4F76-A1F5-1C7D93730BB4}"
EndProject
Global
	GlobalSection(SolutionConfigurationPlatforms) = preSolution
		Debug|Any CPU = Debug|Any CPU
		Release|Any CPU = Release|Any CPU
	EndGlobalSection
	GlobalSection(ProjectConfigurationPlatforms) = postSolution
		{642A9A9F-135B-4F76-A1F5-1C7D93730BB4}.Debug|Any CPU.ActiveCfg = Debug|Any CPU
		{642A9A9F-135B-4F76-A1F5-1C7D93730BB4}.Debug|Any CPU.Build.0 = Debug|Any CPU
		{642A9A9F-135B-4F76-A1F5-1C7D93730BB4}.Release|Any CPU.ActiveCfg = Release|Any CPU
		{642A9A9F-135B-4F76-A1F5-1C7D93730BB4}.Release|Any CPU.Build.0 = Release|Any CPU
	EndGlobalSection
	GlobalSection(SolutionProperties) = preSolution
		HideSolutionNode = FALSE
	EndGlobalSection
	GlobalSection(ExtensibilityGlobals) = postSolution
		SolutionGuid = {29ED06E5-A7E4-46F2-8207-6595D5161D15}
	EndGlobalSection
EndGlobal
